parameters:
  - in: path
    name: accountId
    schema:
      type: string
      format: uuid
    required: true
    description: The ID of the Account in the database.
post:
  operationId: 'unblock-account'
  description: Unblock the given account.
  tags:
    - Accounts
  security:
    - user-token-auth:
        - write:blocks
  responses:
    200:
      description: Successfully unblocked, or account was already not blocked
      content:
        application/json:
          schema:
            $ref: '../components/schemas/Relationship.yaml'
    401:
      $ref: '../components/responses/InvalidAccessToken.yaml'
    404:
      $ref: '../components/responses/AccountNotFound.yaml'
    422:
      $ref: '../components/responses/RequiresAuthenticatedUser.yaml'
